
Microsoft Visual Studio Solution File, Format Version 12.00
# Visual Studio Version 17
VisualStudioVersion = 17.13.36105.23 d17.13
MinimumVisualStudioVersion = 10.0.40219.1
Project("{FAE04EC0-301F-11D3-BF4B-00C04F79EFBC}") = "Client", "Client.csproj", "{A481C14E-BC39-4E9A-8711-D02C00E97111}"
EndProject
Global
	GlobalSection(SolutionConfigurationPlatforms) = preSolution
		Debug|Any CPU = Debug|Any CPU
		Release|Any CPU = Release|Any CPU
	EndGlobalSection
	GlobalSection(ProjectConfigurationPlatforms) = postSolution
		{A481C14E-BC39-4E9A-8711-D02C00E97111}.Debug|Any CPU.ActiveCfg = Debug|Any CPU
		{A481C14E-BC39-4E9A-8711-D02C00E97111}.Debug|Any CPU.Build.0 = Debug|Any CPU
		{A481C14E-BC39-4E9A-8711-D02C00E97111}.Release|Any CPU.ActiveCfg = Release|Any CPU
		{A481C14E-BC39-4E9A-8711-D02C00E97111}.Release|Any CPU.Build.0 = Release|Any CPU
	EndGlobalSection
	GlobalSection(SolutionProperties) = preSolution
		HideSolutionNode = FALSE
	EndGlobalSection
	GlobalSection(ExtensibilityGlobals) = postSolution
		SolutionGuid = {47489CEC-0F4F-4BAA-B679-25AE5F9CA7AB}
	EndGlobalSection
EndGlobal
