
Microsoft Visual Studio Solution File, Format Version 12.00
# Visual Studio Version 17
VisualStudioVersion = 17.14.36212.18 d17.14
MinimumVisualStudioVersion = 10.0.40219.1
Project("{FAE04EC0-301F-11D3-BF4B-00C04F79EFBC}") = "SOLID", "SOLID.csproj", "{A1A0BB72-104A-4AA0-83E1-BDC91565F999}"
EndProject
Global
	GlobalSection(SolutionConfigurationPlatforms) = preSolution
		Debug|Any CPU = Debug|Any CPU
		Release|Any CPU = Release|Any CPU
	EndGlobalSection
	GlobalSection(ProjectConfigurationPlatforms) = postSolution
		{A1A0BB72-104A-4AA0-83E1-BDC91565F999}.Debug|Any CPU.ActiveCfg = Debug|Any CPU
		{A1A0BB72-104A-4AA0-83E1-BDC91565F999}.Debug|Any CPU.Build.0 = Debug|Any CPU
		{A1A0BB72-104A-4AA0-83E1-BDC91565F999}.Release|Any CPU.ActiveCfg = Release|Any CPU
		{A1A0BB72-104A-4AA0-83E1-BDC91565F999}.Release|Any CPU.Build.0 = Release|Any CPU
	EndGlobalSection
	GlobalSection(SolutionProperties) = preSolution
		HideSolutionNode = FALSE
	EndGlobalSection
	GlobalSection(ExtensibilityGlobals) = postSolution
		SolutionGuid = {042D5579-2C9E-43E1-9BF3-F250F957D1A7}
	EndGlobalSection
EndGlobal
