
Microsoft Visual Studio Solution File, Format Version 12.00
# Visual Studio Version 17
VisualStudioVersion = 17.13.36105.23 d17.13
MinimumVisualStudioVersion = 10.0.40219.1
Project("{FAE04EC0-301F-11D3-BF4B-00C04F79EFBC}") = "Commandos", "Commandos.csproj", "{F6465E9F-6C01-4279-B64F-D721F4A7E497}"
EndProject
Global
	GlobalSection(SolutionConfigurationPlatforms) = preSolution
		Debug|Any CPU = Debug|Any CPU
		Release|Any CPU = Release|Any CPU
	EndGlobalSection
	GlobalSection(ProjectConfigurationPlatforms) = postSolution
		{F6465E9F-6C01-4279-B64F-D721F4A7E497}.Debug|Any CPU.ActiveCfg = Debug|Any CPU
		{F6465E9F-6C01-4279-B64F-D721F4A7E497}.Debug|Any CPU.Build.0 = Debug|Any CPU
		{F6465E9F-6C01-4279-B64F-D721F4A7E497}.Release|Any CPU.ActiveCfg = Release|Any CPU
		{F6465E9F-6C01-4279-B64F-D721F4A7E497}.Release|Any CPU.Build.0 = Release|Any CPU
	EndGlobalSection
	GlobalSection(SolutionProperties) = preSolution
		HideSolutionNode = FALSE
	EndGlobalSection
	GlobalSection(ExtensibilityGlobals) = postSolution
		SolutionGuid = {2005BD9A-41E6-4A8F-9A97-77D8C2929DE0}
	EndGlobalSection
EndGlobal
