
Microsoft Visual Studio Solution File, Format Version 12.00
# Visual Studio Version 17
VisualStudioVersion = 17.13.35931.197 d17.13
MinimumVisualStudioVersion = 10.0.40219.1
Project("{FAE04EC0-301F-11D3-BF4B-00C04F79EFBC}") = "oop", "oop.csproj", "{B9FD932C-5F53-4DB2-B293-3E10EFF05DE4}"
EndProject
Global
	GlobalSection(SolutionConfigurationPlatforms) = preSolution
		Debug|Any CPU = Debug|Any CPU
		Release|Any CPU = Release|Any CPU
	EndGlobalSection
	GlobalSection(ProjectConfigurationPlatforms) = postSolution
		{B9FD932C-5F53-4DB2-B293-3E10EFF05DE4}.Debug|Any CPU.ActiveCfg = Debug|Any CPU
		{B9FD932C-5F53-4DB2-B293-3E10EFF05DE4}.Debug|Any CPU.Build.0 = Debug|Any CPU
		{B9FD932C-5F53-4DB2-B293-3E10EFF05DE4}.Release|Any CPU.ActiveCfg = Release|Any CPU
		{B9FD932C-5F53-4DB2-B293-3E10EFF05DE4}.Release|Any CPU.Build.0 = Release|Any CPU
	EndGlobalSection
	GlobalSection(SolutionProperties) = preSolution
		HideSolutionNode = FALSE
	EndGlobalSection
	GlobalSection(ExtensibilityGlobals) = postSolution
		SolutionGuid = {6CFD33D2-FD6C-4B3A-B875-A69F931B8A82}
	EndGlobalSection
EndGlobal
