
Microsoft Visual Studio Solution File, Format Version 12.00
# Visual Studio Version 17
VisualStudioVersion = 17.13.35931.197 d17.13
MinimumVisualStudioVersion = 10.0.40219.1
Project("{FAE04EC0-301F-11D3-BF4B-00C04F79EFBC}") = "SeriesAnalyzer", "SeriesAnalyzer\SeriesAnalyzer.csproj", "{BCF76E92-F700-4B65-8EA4-F86D69D892D8}"
EndProject
Global
	GlobalSection(SolutionConfigurationPlatforms) = preSolution
		Debug|Any CPU = Debug|Any CPU
		Release|Any CPU = Release|Any CPU
	EndGlobalSection
	GlobalSection(ProjectConfigurationPlatforms) = postSolution
		{BCF76E92-F700-4B65-8EA4-F86D69D892D8}.Debug|Any CPU.ActiveCfg = Debug|Any CPU
		{BCF76E92-F700-4B65-8EA4-F86D69D892D8}.Debug|Any CPU.Build.0 = Debug|Any CPU
		{BCF76E92-F700-4B65-8EA4-F86D69D892D8}.Release|Any CPU.ActiveCfg = Release|Any CPU
		{BCF76E92-F700-4B65-8EA4-F86D69D892D8}.Release|Any CPU.Build.0 = Release|Any CPU
	EndGlobalSection
	GlobalSection(SolutionProperties) = preSolution
		HideSolutionNode = FALSE
	EndGlobalSection
	GlobalSection(ExtensibilityGlobals) = postSolution
		SolutionGuid = {B1D790EF-C758-4310-97E0-2A065456D51D}
	EndGlobalSection
EndGlobal
