
Microsoft Visual Studio Solution File, Format Version 12.00
# Visual Studio Version 17
VisualStudioVersion = 17.13.36105.23 d17.13
MinimumVisualStudioVersion = 10.0.40219.1
Project("{FAE04EC0-301F-11D3-BF4B-00C04F79EFBC}") = "Database", "Database.csproj", "{FE2B6AE5-AC4D-4C98-93AE-0D179DF1A774}"
EndProject
Global
	GlobalSection(SolutionConfigurationPlatforms) = preSolution
		Debug|Any CPU = Debug|Any CPU
		Release|Any CPU = Release|Any CPU
	EndGlobalSection
	GlobalSection(ProjectConfigurationPlatforms) = postSolution
		{FE2B6AE5-AC4D-4C98-93AE-0D179DF1A774}.Debug|Any CPU.ActiveCfg = Debug|Any CPU
		{FE2B6AE5-AC4D-4C98-93AE-0D179DF1A774}.Debug|Any CPU.Build.0 = Debug|Any CPU
		{FE2B6AE5-AC4D-4C98-93AE-0D179DF1A774}.Release|Any CPU.ActiveCfg = Release|Any CPU
		{FE2B6AE5-AC4D-4C98-93AE-0D179DF1A774}.Release|Any CPU.Build.0 = Release|Any CPU
	EndGlobalSection
	GlobalSection(SolutionProperties) = preSolution
		HideSolutionNode = FALSE
	EndGlobalSection
	GlobalSection(ExtensibilityGlobals) = postSolution
		SolutionGuid = {5EB882ED-E385-4A8D-B8AA-83911DA94637}
	EndGlobalSection
EndGlobal
