
Microsoft Visual Studio Solution File, Format Version 12.00
# Visual Studio Version 17
VisualStudioVersion = 17.13.36105.23 d17.13
MinimumVisualStudioVersion = 10.0.40219.1
Project("{FAE04EC0-301F-11D3-BF4B-00C04F79EFBC}") = "Servers", "Servers.csproj", "{66162230-5061-431F-A83A-564526ED4EAA}"
EndProject
Global
	GlobalSection(SolutionConfigurationPlatforms) = preSolution
		Debug|Any CPU = Debug|Any CPU
		Release|Any CPU = Release|Any CPU
	EndGlobalSection
	GlobalSection(ProjectConfigurationPlatforms) = postSolution
		{66162230-5061-431F-A83A-564526ED4EAA}.Debug|Any CPU.ActiveCfg = Debug|Any CPU
		{66162230-5061-431F-A83A-564526ED4EAA}.Debug|Any CPU.Build.0 = Debug|Any CPU
		{66162230-5061-431F-A83A-564526ED4EAA}.Release|Any CPU.ActiveCfg = Release|Any CPU
		{66162230-5061-431F-A83A-564526ED4EAA}.Release|Any CPU.Build.0 = Release|Any CPU
	EndGlobalSection
	GlobalSection(SolutionProperties) = preSolution
		HideSolutionNode = FALSE
	EndGlobalSection
	GlobalSection(ExtensibilityGlobals) = postSolution
		SolutionGuid = {2E7CEE96-3F6D-416D-893F-5EC91A9DCE6A}
	EndGlobalSection
EndGlobal
