
Microsoft Visual Studio Solution File, Format Version 12.00
# Visual Studio Version 17
VisualStudioVersion = 17.13.35931.197 d17.13
MinimumVisualStudioVersion = 10.0.40219.1
Project("{FAE04EC0-301F-11D3-BF4B-00C04F79EFBC}") = "EnemeyListening", "EnemeyListening.csproj", "{AD8B3B5C-A723-4717-A18A-B5BF17302A97}"
EndProject
Global
	GlobalSection(SolutionConfigurationPlatforms) = preSolution
		Debug|Any CPU = Debug|Any CPU
		Release|Any CPU = Release|Any CPU
	EndGlobalSection
	GlobalSection(ProjectConfigurationPlatforms) = postSolution
		{AD8B3B5C-A723-4717-A18A-B5BF17302A97}.Debug|Any CPU.ActiveCfg = Debug|Any CPU
		{AD8B3B5C-A723-4717-A18A-B5BF17302A97}.Debug|Any CPU.Build.0 = Debug|Any CPU
		{AD8B3B5C-A723-4717-A18A-B5BF17302A97}.Release|Any CPU.ActiveCfg = Release|Any CPU
		{AD8B3B5C-A723-4717-A18A-B5BF17302A97}.Release|Any CPU.Build.0 = Release|Any CPU
	EndGlobalSection
	GlobalSection(SolutionProperties) = preSolution
		HideSolutionNode = FALSE
	EndGlobalSection
	GlobalSection(ExtensibilityGlobals) = postSolution
		SolutionGuid = {4FF872F9-6625-44D1-94F1-DB307FA665C6}
	EndGlobalSection
EndGlobal
