
Microsoft Visual Studio Solution File, Format Version 12.00
# Visual Studio Version 17
VisualStudioVersion = 17.13.35931.197 d17.13
MinimumVisualStudioVersion = 10.0.40219.1
Project("{FAE04EC0-301F-11D3-BF4B-00C04F79EFBC}") = "BattleArena", "BattleArena.csproj", "{7679A5CE-B1BB-46D2-A2EF-2F40570240C1}"
EndProject
Global
	GlobalSection(SolutionConfigurationPlatforms) = preSolution
		Debug|Any CPU = Debug|Any CPU
		Release|Any CPU = Release|Any CPU
	EndGlobalSection
	GlobalSection(ProjectConfigurationPlatforms) = postSolution
		{7679A5CE-B1BB-46D2-A2EF-2F40570240C1}.Debug|Any CPU.ActiveCfg = Debug|Any CPU
		{7679A5CE-B1BB-46D2-A2EF-2F40570240C1}.Debug|Any CPU.Build.0 = Debug|Any CPU
		{7679A5CE-B1BB-46D2-A2EF-2F40570240C1}.Release|Any CPU.ActiveCfg = Release|Any CPU
		{7679A5CE-B1BB-46D2-A2EF-2F40570240C1}.Release|Any CPU.Build.0 = Release|Any CPU
	EndGlobalSection
	GlobalSection(SolutionProperties) = preSolution
		HideSolutionNode = FALSE
	EndGlobalSection
	GlobalSection(ExtensibilityGlobals) = postSolution
		SolutionGuid = {38F47672-05DD-455E-BA39-14AF10387D4A}
	EndGlobalSection
EndGlobal
