
Microsoft Visual Studio Solution File, Format Version 12.00
# Visual Studio Version 17
VisualStudioVersion = 17.13.35931.197 d17.13
MinimumVisualStudioVersion = 10.0.40219.1
Project("{FAE04EC0-301F-11D3-BF4B-00C04F79EFBC}") = "ToolBox", "ToolBox.csproj", "{BF339CAB-4EA2-4D78-B7DB-947EC1C1E837}"
EndProject
Global
	GlobalSection(SolutionConfigurationPlatforms) = preSolution
		Debug|Any CPU = Debug|Any CPU
		Release|Any CPU = Release|Any CPU
	EndGlobalSection
	GlobalSection(ProjectConfigurationPlatforms) = postSolution
		{BF339CAB-4EA2-4D78-B7DB-947EC1C1E837}.Debug|Any CPU.ActiveCfg = Debug|Any CPU
		{BF339CAB-4EA2-4D78-B7DB-947EC1C1E837}.Debug|Any CPU.Build.0 = Debug|Any CPU
		{BF339CAB-4EA2-4D78-B7DB-947EC1C1E837}.Release|Any CPU.ActiveCfg = Release|Any CPU
		{BF339CAB-4EA2-4D78-B7DB-947EC1C1E837}.Release|Any CPU.Build.0 = Release|Any CPU
	EndGlobalSection
	GlobalSection(SolutionProperties) = preSolution
		HideSolutionNode = FALSE
	EndGlobalSection
	GlobalSection(ExtensibilityGlobals) = postSolution
		SolutionGuid = {721FBCC9-D678-45C3-83C8-9B14FF6EF73A}
	EndGlobalSection
EndGlobal
